
Microsoft Visual Studio Solution File, Format Version 12.00
# Visual Studio Version 17
VisualStudioVersion = 17.0.31903.59
MinimumVisualStudioVersion = 10.0.40219.1
Project("{2150E333-8FDC-42A3-9474-1A3956D46DE8}") = "src", "src", "{554E72B1-9367-419A-BCA2-614641F9BE12}"
EndProject
Project("{2150E333-8FDC-42A3-9474-1A3956D46DE8}") = "Customers", "Customers", "{FE89E2C7-711A-4A8C-ACF5-0CC1810F93A8}"
EndProject
Project("{2150E333-8FDC-42A3-9474-1A3956D46DE8}") = "Inventory", "Inventory", "{5E049132-7905-4509-8FDC-BA4ED9FFE885}"
EndProject
Project("{FAE04EC0-301F-11D3-BF4B-00C04F79EFBC}") = "Inventory", "src\Inventory\Inventory\Inventory.csproj", "{52F602DA-EC68-4156-B4AD-F4404373DCBD}"
EndProject
Project("{FAE04EC0-301F-11D3-BF4B-00C04F79EFBC}") = "Customers", "src\Customers\Customers\Customers.csproj", "{028971E5-BE34-49BA-A4A5-0E90902CBA85}"
EndProject
Project("{FAE04EC0-301F-11D3-BF4B-00C04F79EFBC}") = "Inventory.Tests", "src\Inventory\Inventory.Tests\Inventory.Tests.csproj", "{CD706D91-3CCC-40B6-AA49-439512A28F83}"
EndProject
Project("{FAE04EC0-301F-11D3-BF4B-00C04F79EFBC}") = "Customers.Tests", "src\Customers\Customers.Tests\Customers.Tests.csproj", "{00F86589-0479-4109-A01A-FA95620E9CBD}"
EndProject
Project("{2150E333-8FDC-42A3-9474-1A3956D46DE8}") = "test", "test", "{683DC42F-F0D7-4CBE-86A0-FF41E0713D1A}"
EndProject
Project("{FAE04EC0-301F-11D3-BF4B-00C04F79EFBC}") = "Trinity.Tests", "test\Trinity.Tests\Trinity.Tests.csproj", "{945A3B83-142E-4C2E-816B-DBC9E2DD0C14}"
EndProject
Project("{2150E333-8FDC-42A3-9474-1A3956D46DE8}") = "Aspire", "Aspire", "{A9711149-CA9C-4690-86D3-20658CE43B96}"
EndProject
Project("{FAE04EC0-301F-11D3-BF4B-00C04F79EFBC}") = "Trinity.AppHost", "src\Aspire\Trinity.AppHost\Trinity.AppHost.csproj", "{D95F2BD8-02CD-4A6A-AFB6-C06D3964F190}"
EndProject
Project("{FAE04EC0-301F-11D3-BF4B-00C04F79EFBC}") = "Trinity.ServiceDefaults", "src\Aspire\Trinity.ServiceDefaults\Trinity.ServiceDefaults.csproj", "{58CF0910-6EBD-4F7A-823F-7003ABD6FA89}"
EndProject
Global
	GlobalSection(SolutionConfigurationPlatforms) = preSolution
		Debug|Any CPU = Debug|Any CPU
		Release|Any CPU = Release|Any CPU
	EndGlobalSection
	GlobalSection(SolutionProperties) = preSolution
		HideSolutionNode = FALSE
	EndGlobalSection
	GlobalSection(ProjectConfigurationPlatforms) = postSolution
		{52F602DA-EC68-4156-B4AD-F4404373DCBD}.Debug|Any CPU.ActiveCfg = Debug|Any CPU
		{52F602DA-EC68-4156-B4AD-F4404373DCBD}.Debug|Any CPU.Build.0 = Debug|Any CPU
		{52F602DA-EC68-4156-B4AD-F4404373DCBD}.Release|Any CPU.ActiveCfg = Release|Any CPU
		{52F602DA-EC68-4156-B4AD-F4404373DCBD}.Release|Any CPU.Build.0 = Release|Any CPU
		{028971E5-BE34-49BA-A4A5-0E90902CBA85}.Debug|Any CPU.ActiveCfg = Debug|Any CPU
		{028971E5-BE34-49BA-A4A5-0E90902CBA85}.Debug|Any CPU.Build.0 = Debug|Any CPU
		{028971E5-BE34-49BA-A4A5-0E90902CBA85}.Release|Any CPU.ActiveCfg = Release|Any CPU
		{028971E5-BE34-49BA-A4A5-0E90902CBA85}.Release|Any CPU.Build.0 = Release|Any CPU
		{CD706D91-3CCC-40B6-AA49-439512A28F83}.Debug|Any CPU.ActiveCfg = Debug|Any CPU
		{CD706D91-3CCC-40B6-AA49-439512A28F83}.Debug|Any CPU.Build.0 = Debug|Any CPU
		{CD706D91-3CCC-40B6-AA49-439512A28F83}.Release|Any CPU.ActiveCfg = Release|Any CPU
		{CD706D91-3CCC-40B6-AA49-439512A28F83}.Release|Any CPU.Build.0 = Release|Any CPU
		{00F86589-0479-4109-A01A-FA95620E9CBD}.Debug|Any CPU.ActiveCfg = Debug|Any CPU
		{00F86589-0479-4109-A01A-FA95620E9CBD}.Debug|Any CPU.Build.0 = Debug|Any CPU
		{00F86589-0479-4109-A01A-FA95620E9CBD}.Release|Any CPU.ActiveCfg = Release|Any CPU
		{00F86589-0479-4109-A01A-FA95620E9CBD}.Release|Any CPU.Build.0 = Release|Any CPU
		{945A3B83-142E-4C2E-816B-DBC9E2DD0C14}.Debug|Any CPU.ActiveCfg = Debug|Any CPU
		{945A3B83-142E-4C2E-816B-DBC9E2DD0C14}.Debug|Any CPU.Build.0 = Debug|Any CPU
		{945A3B83-142E-4C2E-816B-DBC9E2DD0C14}.Release|Any CPU.ActiveCfg = Release|Any CPU
		{945A3B83-142E-4C2E-816B-DBC9E2DD0C14}.Release|Any CPU.Build.0 = Release|Any CPU
		{D95F2BD8-02CD-4A6A-AFB6-C06D3964F190}.Debug|Any CPU.ActiveCfg = Debug|Any CPU
		{D95F2BD8-02CD-4A6A-AFB6-C06D3964F190}.Debug|Any CPU.Build.0 = Debug|Any CPU
		{D95F2BD8-02CD-4A6A-AFB6-C06D3964F190}.Release|Any CPU.ActiveCfg = Release|Any CPU
		{D95F2BD8-02CD-4A6A-AFB6-C06D3964F190}.Release|Any CPU.Build.0 = Release|Any CPU
		{58CF0910-6EBD-4F7A-823F-7003ABD6FA89}.Debug|Any CPU.ActiveCfg = Debug|Any CPU
		{58CF0910-6EBD-4F7A-823F-7003ABD6FA89}.Debug|Any CPU.Build.0 = Debug|Any CPU
		{58CF0910-6EBD-4F7A-823F-7003ABD6FA89}.Release|Any CPU.ActiveCfg = Release|Any CPU
		{58CF0910-6EBD-4F7A-823F-7003ABD6FA89}.Release|Any CPU.Build.0 = Release|Any CPU
	EndGlobalSection
	GlobalSection(NestedProjects) = preSolution
		{FE89E2C7-711A-4A8C-ACF5-0CC1810F93A8} = {554E72B1-9367-419A-BCA2-614641F9BE12}
		{5E049132-7905-4509-8FDC-BA4ED9FFE885} = {554E72B1-9367-419A-BCA2-614641F9BE12}
		{52F602DA-EC68-4156-B4AD-F4404373DCBD} = {5E049132-7905-4509-8FDC-BA4ED9FFE885}
		{028971E5-BE34-49BA-A4A5-0E90902CBA85} = {FE89E2C7-711A-4A8C-ACF5-0CC1810F93A8}
		{CD706D91-3CCC-40B6-AA49-439512A28F83} = {5E049132-7905-4509-8FDC-BA4ED9FFE885}
		{00F86589-0479-4109-A01A-FA95620E9CBD} = {FE89E2C7-711A-4A8C-ACF5-0CC1810F93A8}
		{945A3B83-142E-4C2E-816B-DBC9E2DD0C14} = {683DC42F-F0D7-4CBE-86A0-FF41E0713D1A}
		{A9711149-CA9C-4690-86D3-20658CE43B96} = {554E72B1-9367-419A-BCA2-614641F9BE12}
		{D95F2BD8-02CD-4A6A-AFB6-C06D3964F190} = {A9711149-CA9C-4690-86D3-20658CE43B96}
		{58CF0910-6EBD-4F7A-823F-7003ABD6FA89} = {A9711149-CA9C-4690-86D3-20658CE43B96}
	EndGlobalSection
EndGlobal
