
Microsoft Visual Studio Solution File, Format Version 12.00
# Visual Studio Version 17
VisualStudioVersion = 17.0.31903.59
MinimumVisualStudioVersion = 10.0.40219.1
Project("{2150E333-8FDC-42A3-9474-1A3956D46DE8}") = "src", "src", "{8FA5DB61-75ED-4BC4-BAB9-CFDF5AE88A83}"
EndProject
Project("{FAE04EC0-301F-11D3-BF4B-00C04F79EFBC}") = "Trinity.MigrationService", "src\Trinity.MigrationService\Trinity.MigrationService.csproj", "{63D30772-498F-4F5D-855D-6253D7C2CE3F}"
EndProject
Project("{2150E333-8FDC-42A3-9474-1A3956D46DE8}") = "Commons", "Commons", "{29EB4790-9205-4126-81FF-77436E55DB50}"
EndProject
Project("{FAE04EC0-301F-11D3-BF4B-00C04F79EFBC}") = "Trinity.EntityModels", "src\Commons\Trinity.EntityModels\Trinity.EntityModels.csproj", "{95265D90-3935-4A7E-8BFC-1BDA068AE230}"
EndProject
Project("{FAE04EC0-301F-11D3-BF4B-00C04F79EFBC}") = "Trinity.ServiceDefaults", "src\Commons\Trinity.ServiceDefaults\Trinity.ServiceDefaults.csproj", "{06F1631B-E357-4854-9BAD-6739EACEBD4A}"
EndProject
Project("{2150E333-8FDC-42A3-9474-1A3956D46DE8}") = "Gateway", "Gateway", "{34774937-3543-4831-9565-A519B42212D7}"
EndProject
Project("{FAE04EC0-301F-11D3-BF4B-00C04F79EFBC}") = "Trinity.Gateway", "src\Gateway\Trinity.Gateway\Trinity.Gateway.csproj", "{1A57E8E9-08F1-47B9-984E-C7C941D0ED50}"
EndProject
Project("{2150E333-8FDC-42A3-9474-1A3956D46DE8}") = "Services", "Services", "{6A26C624-E8A4-45D4-A44F-403694190166}"
EndProject
Project("{FAE04EC0-301F-11D3-BF4B-00C04F79EFBC}") = "Cart", "src\Services\Cart\Cart.csproj", "{B0753A2D-3A02-467B-99C6-BF258B941917}"
EndProject
Project("{FAE04EC0-301F-11D3-BF4B-00C04F79EFBC}") = "Customers", "src\Services\Customers\Customers.csproj", "{C91C5886-57FB-435D-BA3B-E273B96AF1BA}"
EndProject
Project("{FAE04EC0-301F-11D3-BF4B-00C04F79EFBC}") = "Inventory", "src\Services\Inventory\Inventory.csproj", "{F494A209-A3F5-44CD-910B-E9D0CC640F15}"
EndProject
Project("{FAE04EC0-301F-11D3-BF4B-00C04F79EFBC}") = "IdentityServerAspNetIdentity", "src\Services\IdentityServerAspNetIdentity\IdentityServerAspNetIdentity.csproj", "{5CC0E38B-FB6B-4EBA-9F31-D101F18F4C23}"
EndProject
Global
	GlobalSection(SolutionConfigurationPlatforms) = preSolution
		Debug|Any CPU = Debug|Any CPU
		Release|Any CPU = Release|Any CPU
	EndGlobalSection
	GlobalSection(SolutionProperties) = preSolution
		HideSolutionNode = FALSE
	EndGlobalSection
	GlobalSection(ProjectConfigurationPlatforms) = postSolution
		{63D30772-498F-4F5D-855D-6253D7C2CE3F}.Debug|Any CPU.ActiveCfg = Debug|Any CPU
		{63D30772-498F-4F5D-855D-6253D7C2CE3F}.Debug|Any CPU.Build.0 = Debug|Any CPU
		{63D30772-498F-4F5D-855D-6253D7C2CE3F}.Release|Any CPU.ActiveCfg = Release|Any CPU
		{63D30772-498F-4F5D-855D-6253D7C2CE3F}.Release|Any CPU.Build.0 = Release|Any CPU
		{95265D90-3935-4A7E-8BFC-1BDA068AE230}.Debug|Any CPU.ActiveCfg = Debug|Any CPU
		{95265D90-3935-4A7E-8BFC-1BDA068AE230}.Debug|Any CPU.Build.0 = Debug|Any CPU
		{95265D90-3935-4A7E-8BFC-1BDA068AE230}.Release|Any CPU.ActiveCfg = Release|Any CPU
		{95265D90-3935-4A7E-8BFC-1BDA068AE230}.Release|Any CPU.Build.0 = Release|Any CPU
		{06F1631B-E357-4854-9BAD-6739EACEBD4A}.Debug|Any CPU.ActiveCfg = Debug|Any CPU
		{06F1631B-E357-4854-9BAD-6739EACEBD4A}.Debug|Any CPU.Build.0 = Debug|Any CPU
		{06F1631B-E357-4854-9BAD-6739EACEBD4A}.Release|Any CPU.ActiveCfg = Release|Any CPU
		{06F1631B-E357-4854-9BAD-6739EACEBD4A}.Release|Any CPU.Build.0 = Release|Any CPU
		{1A57E8E9-08F1-47B9-984E-C7C941D0ED50}.Debug|Any CPU.ActiveCfg = Debug|Any CPU
		{1A57E8E9-08F1-47B9-984E-C7C941D0ED50}.Debug|Any CPU.Build.0 = Debug|Any CPU
		{1A57E8E9-08F1-47B9-984E-C7C941D0ED50}.Release|Any CPU.ActiveCfg = Release|Any CPU
		{1A57E8E9-08F1-47B9-984E-C7C941D0ED50}.Release|Any CPU.Build.0 = Release|Any CPU
		{B0753A2D-3A02-467B-99C6-BF258B941917}.Debug|Any CPU.ActiveCfg = Debug|Any CPU
		{B0753A2D-3A02-467B-99C6-BF258B941917}.Debug|Any CPU.Build.0 = Debug|Any CPU
		{B0753A2D-3A02-467B-99C6-BF258B941917}.Release|Any CPU.ActiveCfg = Release|Any CPU
		{B0753A2D-3A02-467B-99C6-BF258B941917}.Release|Any CPU.Build.0 = Release|Any CPU
		{C91C5886-57FB-435D-BA3B-E273B96AF1BA}.Debug|Any CPU.ActiveCfg = Debug|Any CPU
		{C91C5886-57FB-435D-BA3B-E273B96AF1BA}.Debug|Any CPU.Build.0 = Debug|Any CPU
		{C91C5886-57FB-435D-BA3B-E273B96AF1BA}.Release|Any CPU.ActiveCfg = Release|Any CPU
		{C91C5886-57FB-435D-BA3B-E273B96AF1BA}.Release|Any CPU.Build.0 = Release|Any CPU
		{F494A209-A3F5-44CD-910B-E9D0CC640F15}.Debug|Any CPU.ActiveCfg = Debug|Any CPU
		{F494A209-A3F5-44CD-910B-E9D0CC640F15}.Debug|Any CPU.Build.0 = Debug|Any CPU
		{F494A209-A3F5-44CD-910B-E9D0CC640F15}.Release|Any CPU.ActiveCfg = Release|Any CPU
		{F494A209-A3F5-44CD-910B-E9D0CC640F15}.Release|Any CPU.Build.0 = Release|Any CPU
		{5CC0E38B-FB6B-4EBA-9F31-D101F18F4C23}.Debug|Any CPU.ActiveCfg = Debug|Any CPU
		{5CC0E38B-FB6B-4EBA-9F31-D101F18F4C23}.Debug|Any CPU.Build.0 = Debug|Any CPU
		{5CC0E38B-FB6B-4EBA-9F31-D101F18F4C23}.Release|Any CPU.ActiveCfg = Release|Any CPU
		{5CC0E38B-FB6B-4EBA-9F31-D101F18F4C23}.Release|Any CPU.Build.0 = Release|Any CPU
	EndGlobalSection
	GlobalSection(NestedProjects) = preSolution
		{63D30772-498F-4F5D-855D-6253D7C2CE3F} = {8FA5DB61-75ED-4BC4-BAB9-CFDF5AE88A83}
		{29EB4790-9205-4126-81FF-77436E55DB50} = {8FA5DB61-75ED-4BC4-BAB9-CFDF5AE88A83}
		{95265D90-3935-4A7E-8BFC-1BDA068AE230} = {29EB4790-9205-4126-81FF-77436E55DB50}
		{06F1631B-E357-4854-9BAD-6739EACEBD4A} = {29EB4790-9205-4126-81FF-77436E55DB50}
		{34774937-3543-4831-9565-A519B42212D7} = {8FA5DB61-75ED-4BC4-BAB9-CFDF5AE88A83}
		{1A57E8E9-08F1-47B9-984E-C7C941D0ED50} = {34774937-3543-4831-9565-A519B42212D7}
		{6A26C624-E8A4-45D4-A44F-403694190166} = {8FA5DB61-75ED-4BC4-BAB9-CFDF5AE88A83}
		{B0753A2D-3A02-467B-99C6-BF258B941917} = {6A26C624-E8A4-45D4-A44F-403694190166}
		{C91C5886-57FB-435D-BA3B-E273B96AF1BA} = {6A26C624-E8A4-45D4-A44F-403694190166}
		{F494A209-A3F5-44CD-910B-E9D0CC640F15} = {6A26C624-E8A4-45D4-A44F-403694190166}
		{5CC0E38B-FB6B-4EBA-9F31-D101F18F4C23} = {6A26C624-E8A4-45D4-A44F-403694190166}
	EndGlobalSection
EndGlobal
